
Microsoft Visual Studio Solution File, Format Version 12.00
# Visual Studio Version 17
VisualStudioVersion = 17.12.35527.113
MinimumVisualStudioVersion = 10.0.40219.1
Project("{2150E333-8FDC-42A3-9474-1A3956D46DE8}") = "src", "src", "{A6BB206B-8A87-4EDA-B8CE-E57FB7DF0738}"
EndProject
Project("{2150E333-8FDC-42A3-9474-1A3956D46DE8}") = "services", "services", "{CA7CD74E-07F6-46A1-97E7-CF61C35B9752}"
EndProject
Project("{2150E333-8FDC-42A3-9474-1A3956D46DE8}") = "products", "products", "{6A29BAE1-E8EA-436F-94FA-73E446D30EE7}"
EndProject
Project("{FAE04EC0-301F-11D3-BF4B-00C04F79EFBC}") = "Products.Api", "src\services\products\Products.Api\Products.Api.csproj", "{9EBE6411-F769-4410-B7A3-92A67EF28C10}"
EndProject
Project("{FAE04EC0-301F-11D3-BF4B-00C04F79EFBC}") = "Products.domain", "src\services\products\Products.domain\Products.domain.csproj", "{09D3BEF3-FA1A-4692-A4A6-5BBB2254038A}"
EndProject
Project("{FAE04EC0-301F-11D3-BF4B-00C04F79EFBC}") = "Products.Application", "src\services\products\Products.Application\Products.Application.csproj", "{BDD94EA6-A0CD-4433-8BB8-8347ED0AFDB7}"
EndProject
Project("{FAE04EC0-301F-11D3-BF4B-00C04F79EFBC}") = "Products.Infra", "src\services\products\Products.Infra\Products.Infra.csproj", "{4B2E8A68-41CB-4CE6-8C74-E8D9A7A3855A}"
EndProject
Project("{E53339B2-1760-4266-BCC7-CA923CBCF16C}") = "docker-compose", "docker-compose.dcproj", "{D5D99DB7-B3E8-494A-A33F-7A3ED4DA5A3C}"
EndProject
Global
	GlobalSection(SolutionConfigurationPlatforms) = preSolution
		Debug|Any CPU = Debug|Any CPU
		Release|Any CPU = Release|Any CPU
	EndGlobalSection
	GlobalSection(ProjectConfigurationPlatforms) = postSolution
		{9EBE6411-F769-4410-B7A3-92A67EF28C10}.Debug|Any CPU.ActiveCfg = Debug|Any CPU
		{9EBE6411-F769-4410-B7A3-92A67EF28C10}.Debug|Any CPU.Build.0 = Debug|Any CPU
		{9EBE6411-F769-4410-B7A3-92A67EF28C10}.Release|Any CPU.ActiveCfg = Release|Any CPU
		{9EBE6411-F769-4410-B7A3-92A67EF28C10}.Release|Any CPU.Build.0 = Release|Any CPU
		{09D3BEF3-FA1A-4692-A4A6-5BBB2254038A}.Debug|Any CPU.ActiveCfg = Debug|Any CPU
		{09D3BEF3-FA1A-4692-A4A6-5BBB2254038A}.Debug|Any CPU.Build.0 = Debug|Any CPU
		{09D3BEF3-FA1A-4692-A4A6-5BBB2254038A}.Release|Any CPU.ActiveCfg = Release|Any CPU
		{09D3BEF3-FA1A-4692-A4A6-5BBB2254038A}.Release|Any CPU.Build.0 = Release|Any CPU
		{BDD94EA6-A0CD-4433-8BB8-8347ED0AFDB7}.Debug|Any CPU.ActiveCfg = Debug|Any CPU
		{BDD94EA6-A0CD-4433-8BB8-8347ED0AFDB7}.Debug|Any CPU.Build.0 = Debug|Any CPU
		{BDD94EA6-A0CD-4433-8BB8-8347ED0AFDB7}.Release|Any CPU.ActiveCfg = Release|Any CPU
		{BDD94EA6-A0CD-4433-8BB8-8347ED0AFDB7}.Release|Any CPU.Build.0 = Release|Any CPU
		{4B2E8A68-41CB-4CE6-8C74-E8D9A7A3855A}.Debug|Any CPU.ActiveCfg = Debug|Any CPU
		{4B2E8A68-41CB-4CE6-8C74-E8D9A7A3855A}.Debug|Any CPU.Build.0 = Debug|Any CPU
		{4B2E8A68-41CB-4CE6-8C74-E8D9A7A3855A}.Release|Any CPU.ActiveCfg = Release|Any CPU
		{4B2E8A68-41CB-4CE6-8C74-E8D9A7A3855A}.Release|Any CPU.Build.0 = Release|Any CPU
		{D5D99DB7-B3E8-494A-A33F-7A3ED4DA5A3C}.Debug|Any CPU.ActiveCfg = Debug|Any CPU
		{D5D99DB7-B3E8-494A-A33F-7A3ED4DA5A3C}.Debug|Any CPU.Build.0 = Debug|Any CPU
		{D5D99DB7-B3E8-494A-A33F-7A3ED4DA5A3C}.Release|Any CPU.ActiveCfg = Release|Any CPU
		{D5D99DB7-B3E8-494A-A33F-7A3ED4DA5A3C}.Release|Any CPU.Build.0 = Release|Any CPU
	EndGlobalSection
	GlobalSection(SolutionProperties) = preSolution
		HideSolutionNode = FALSE
	EndGlobalSection
	GlobalSection(NestedProjects) = preSolution
		{CA7CD74E-07F6-46A1-97E7-CF61C35B9752} = {A6BB206B-8A87-4EDA-B8CE-E57FB7DF0738}
		{6A29BAE1-E8EA-436F-94FA-73E446D30EE7} = {CA7CD74E-07F6-46A1-97E7-CF61C35B9752}
		{9EBE6411-F769-4410-B7A3-92A67EF28C10} = {6A29BAE1-E8EA-436F-94FA-73E446D30EE7}
		{09D3BEF3-FA1A-4692-A4A6-5BBB2254038A} = {6A29BAE1-E8EA-436F-94FA-73E446D30EE7}
		{BDD94EA6-A0CD-4433-8BB8-8347ED0AFDB7} = {6A29BAE1-E8EA-436F-94FA-73E446D30EE7}
		{4B2E8A68-41CB-4CE6-8C74-E8D9A7A3855A} = {6A29BAE1-E8EA-436F-94FA-73E446D30EE7}
	EndGlobalSection
EndGlobal
